// !$*UTF8*$!
{
	archiveVersion = 1;
	classes = {
	};
	objectVersion = 42;
	objects = {

/* Begin PBXBuildFile section */
		1910AF4B11E60B80003E9A14 /* loading-page.html in Resources */ = {isa = PBXBuildFile; fileRef = 1910AF4A11E60B80003E9A14 /* loading-page.html */; };
		1943B14412411601007C0641 /* MainMenu.nib in Resources */ = {isa = PBXBuildFile; fileRef = 1943B14212411601007C0641 /* MainMenu.nib */; };
		1943B14712411613007C0641 /* MyDocument.nib in Resources */ = {isa = PBXBuildFile; fileRef = 1943B14512411613007C0641 /* MyDocument.nib */; };
		1967A67411D6521700ABC39D /* WebKit.framework in Frameworks */ = {isa = PBXBuildFile; fileRef = 1967A67311D6521700ABC39D /* WebKit.framework */; };
		1967A6A811D6543A00ABC39D /* appl.icns in Resources */ = {isa = PBXBuildFile; fileRef = 1967A69D11D6543A00ABC39D /* appl.icns */; };
		1967A6A911D6543A00ABC39D /* Defaults.plist in Resources */ = {isa = PBXBuildFile; fileRef = 1967A69E11D6543A00ABC39D /* Defaults.plist */; };
		1967A6AA11D6543A00ABC39D /* sage-document-py.icns in Resources */ = {isa = PBXBuildFile; fileRef = 1967A69F11D6543A00ABC39D /* sage-document-py.icns */; };
		1967A6AB11D6543A00ABC39D /* sage-document-sage.icns in Resources */ = {isa = PBXBuildFile; fileRef = 1967A6A011D6543A00ABC39D /* sage-document-sage.icns */; };
		1967A6AC11D6543A00ABC39D /* sage-document-spkg.icns in Resources */ = {isa = PBXBuildFile; fileRef = 1967A6A111D6543A00ABC39D /* sage-document-spkg.icns */; };
		1967A6AD11D6543A00ABC39D /* sage-document-sws.icns in Resources */ = {isa = PBXBuildFile; fileRef = 1967A6A211D6543A00ABC39D /* sage-document-sws.icns */; };
		1967A6AE11D6543A00ABC39D /* sage-small-blue.png in Resources */ = {isa = PBXBuildFile; fileRef = 1967A6A311D6543A00ABC39D /* sage-small-blue.png */; };
		1967A6AF11D6543A00ABC39D /* sage-small-green.png in Resources */ = {isa = PBXBuildFile; fileRef = 1967A6A411D6543A00ABC39D /* sage-small-green.png */; };
		1967A6B011D6543A00ABC39D /* sage-small-grey.png in Resources */ = {isa = PBXBuildFile; fileRef = 1967A6A511D6543A00ABC39D /* sage-small-grey.png */; };
		1967A6B111D6543A00ABC39D /* sage-small-red.png in Resources */ = {isa = PBXBuildFile; fileRef = 1967A6A611D6543A00ABC39D /* sage-small-red.png */; };
		1967A6B211D6543A00ABC39D /* start-sage.sh in Resources */ = {isa = PBXBuildFile; fileRef = 1967A6A711D6543A00ABC39D /* start-sage.sh */; };
		1967A6B511D6544C00ABC39D /* AppController.m in Sources */ = {isa = PBXBuildFile; fileRef = 1967A6B411D6544C00ABC39D /* AppController.m */; };
		1967A6BC11D6569000ABC39D /* Carbon.framework in Frameworks */ = {isa = PBXBuildFile; fileRef = 1967A6BB11D6569000ABC39D /* Carbon.framework */; };
		1967A85811D6630300ABC39D /* PreferencePanelController.m in Sources */ = {isa = PBXBuildFile; fileRef = 1967A85711D6630300ABC39D /* PreferencePanelController.m */; };
		1967A9A311D67FBE00ABC39D /* AppDelegate.m in Sources */ = {isa = PBXBuildFile; fileRef = 1967A9A111D67FBE00ABC39D /* AppDelegate.m */; };
		198C6B7612425E8E002A1494 /* sage-is-running-on-port.sh in Resources */ = {isa = PBXBuildFile; fileRef = 198C6B7512425E8D002A1494 /* sage-is-running-on-port.sh */; };
		19BDCA2411D6C3EA0041A693 /* open-location.sh in Resources */ = {isa = PBXBuildFile; fileRef = 19BDCA2311D6C3EA0041A693 /* open-location.sh */; };
		19D397B212365C2600CE35F5 /* InputPanelController.m in Sources */ = {isa = PBXBuildFile; fileRef = 19D397B012365C2600CE35F5 /* InputPanelController.m */; };
		19E3984612E249B300D062D1 /* sage-document-cython.icns in Resources */ = {isa = PBXBuildFile; fileRef = 19E3984512E249B300D062D1 /* sage-document-cython.icns */; };
		8D15AC2C0486D014006FF6A4 /* Credits.html in Resources */ = {isa = PBXBuildFile; fileRef = 2A37F4B9FDCFA73011CA2CEA /* Credits.html */; };
		8D15AC2F0486D014006FF6A4 /* InfoPlist.strings in Resources */ = {isa = PBXBuildFile; fileRef = 089C165FFE840EACC02AAC07 /* InfoPlist.strings */; };
		8D15AC310486D014006FF6A4 /* MyDocument.m in Sources */ = {isa = PBXBuildFile; fileRef = 2A37F4ACFDCFA73011CA2CEA /* MyDocument.m */; settings = {ATTRIBUTES = (); }; };
		8D15AC320486D014006FF6A4 /* main.m in Sources */ = {isa = PBXBuildFile; fileRef = 2A37F4B0FDCFA73011CA2CEA /* main.m */; settings = {ATTRIBUTES = (); }; };
		8D15AC340486D014006FF6A4 /* Cocoa.framework in Frameworks */ = {isa = PBXBuildFile; fileRef = 1058C7A7FEA54F5311CA2CBB /* Cocoa.framework */; };
/* End PBXBuildFile section */

/* Begin PBXFileReference section */
		089C1660FE840EACC02AAC07 /* English */ = {isa = PBXFileReference; fileEncoding = 4; lastKnownFileType = text.plist.strings; name = English; path = English.lproj/InfoPlist.strings; sourceTree = "<group>"; };
		1058C7A7FEA54F5311CA2CBB /* Cocoa.framework */ = {isa = PBXFileReference; lastKnownFileType = wrapper.framework; name = Cocoa.framework; path = /System/Library/Frameworks/Cocoa.framework; sourceTree = "<absolute>"; };
		13E42FBA07B3F13500E4EEF1 /* CoreData.framework */ = {isa = PBXFileReference; lastKnownFileType = wrapper.framework; name = CoreData.framework; path = /System/Library/Frameworks/CoreData.framework; sourceTree = "<absolute>"; };
		1910AF4A11E60B80003E9A14 /* loading-page.html */ = {isa = PBXFileReference; fileEncoding = 4; lastKnownFileType = text.html; path = "loading-page.html"; sourceTree = "<group>"; };
		1943B14312411601007C0641 /* English */ = {isa = PBXFileReference; lastKnownFileType = wrapper.nib; name = English; path = English.lproj/MainMenu.nib; sourceTree = "<group>"; };
		1943B14612411613007C0641 /* English */ = {isa = PBXFileReference; lastKnownFileType = wrapper.nib; name = English; path = English.lproj/MyDocument.nib; sourceTree = "<group>"; };
		1967A67311D6521700ABC39D /* WebKit.framework */ = {isa = PBXFileReference; lastKnownFileType = wrapper.framework; name = WebKit.framework; path = System/Library/Frameworks/WebKit.framework; sourceTree = SDKROOT; };
		1967A69D11D6543A00ABC39D /* appl.icns */ = {isa = PBXFileReference; lastKnownFileType = image.icns; path = appl.icns; sourceTree = "<group>"; };
		1967A69E11D6543A00ABC39D /* Defaults.plist */ = {isa = PBXFileReference; explicitFileType = text.plist.xml; path = Defaults.plist; sourceTree = "<group>"; };
		1967A69F11D6543A00ABC39D /* sage-document-py.icns */ = {isa = PBXFileReference; lastKnownFileType = image.icns; path = "sage-document-py.icns"; sourceTree = "<group>"; };
		1967A6A011D6543A00ABC39D /* sage-document-sage.icns */ = {isa = PBXFileReference; lastKnownFileType = image.icns; path = "sage-document-sage.icns"; sourceTree = "<group>"; };
		1967A6A111D6543A00ABC39D /* sage-document-spkg.icns */ = {isa = PBXFileReference; lastKnownFileType = image.icns; path = "sage-document-spkg.icns"; sourceTree = "<group>"; };
		1967A6A211D6543A00ABC39D /* sage-document-sws.icns */ = {isa = PBXFileReference; lastKnownFileType = image.icns; path = "sage-document-sws.icns"; sourceTree = "<group>"; };
		1967A6A311D6543A00ABC39D /* sage-small-blue.png */ = {isa = PBXFileReference; lastKnownFileType = image.png; path = "sage-small-blue.png"; sourceTree = "<group>"; };
		1967A6A411D6543A00ABC39D /* sage-small-green.png */ = {isa = PBXFileReference; lastKnownFileType = image.png; path = "sage-small-green.png"; sourceTree = "<group>"; };
		1967A6A511D6543A00ABC39D /* sage-small-grey.png */ = {isa = PBXFileReference; lastKnownFileType = image.png; path = "sage-small-grey.png"; sourceTree = "<group>"; };
		1967A6A611D6543A00ABC39D /* sage-small-red.png */ = {isa = PBXFileReference; lastKnownFileType = image.png; path = "sage-small-red.png"; sourceTree = "<group>"; };
		1967A6A711D6543A00ABC39D /* start-sage.sh */ = {isa = PBXFileReference; fileEncoding = 4; lastKnownFileType = text.script.sh; path = "start-sage.sh"; sourceTree = "<group>"; };
		1967A6B311D6544C00ABC39D /* AppController.h */ = {isa = PBXFileReference; fileEncoding = 4; lastKnownFileType = sourcecode.c.h; path = AppController.h; sourceTree = "<group>"; };
		1967A6B411D6544C00ABC39D /* AppController.m */ = {isa = PBXFileReference; fileEncoding = 4; lastKnownFileType = sourcecode.c.objc; path = AppController.m; sourceTree = "<group>"; };
		1967A6BB11D6569000ABC39D /* Carbon.framework */ = {isa = PBXFileReference; lastKnownFileType = wrapper.framework; name = Carbon.framework; path = System/Library/Frameworks/Carbon.framework; sourceTree = SDKROOT; };
		1967A85611D6630300ABC39D /* PreferencePanelController.h */ = {isa = PBXFileReference; fileEncoding = 4; lastKnownFileType = sourcecode.c.h; path = PreferencePanelController.h; sourceTree = "<group>"; };
		1967A85711D6630300ABC39D /* PreferencePanelController.m */ = {isa = PBXFileReference; fileEncoding = 4; lastKnownFileType = sourcecode.c.objc; path = PreferencePanelController.m; sourceTree = "<group>"; };
		1967A9A111D67FBE00ABC39D /* AppDelegate.m */ = {isa = PBXFileReference; fileEncoding = 4; lastKnownFileType = sourcecode.c.objc; path = AppDelegate.m; sourceTree = "<group>"; };
		1967A9A211D67FBE00ABC39D /* AppDelegate.h */ = {isa = PBXFileReference; fileEncoding = 4; lastKnownFileType = sourcecode.c.h; path = AppDelegate.h; sourceTree = "<group>"; };
		198C6B7512425E8D002A1494 /* sage-is-running-on-port.sh */ = {isa = PBXFileReference; fileEncoding = 4; lastKnownFileType = text.script.sh; path = "sage-is-running-on-port.sh"; sourceTree = "<group>"; };
		19BDCA2311D6C3EA0041A693 /* open-location.sh */ = {isa = PBXFileReference; fileEncoding = 4; lastKnownFileType = text.script.sh; path = "open-location.sh"; sourceTree = "<group>"; };
		19D397B012365C2600CE35F5 /* InputPanelController.m */ = {isa = PBXFileReference; fileEncoding = 4; lastKnownFileType = sourcecode.c.objc; path = InputPanelController.m; sourceTree = "<group>"; };
		19D397B112365C2600CE35F5 /* InputPanelController.h */ = {isa = PBXFileReference; fileEncoding = 4; lastKnownFileType = sourcecode.c.h; path = InputPanelController.h; sourceTree = "<group>"; };
		19E3984512E249B300D062D1 /* sage-document-cython.icns */ = {isa = PBXFileReference; lastKnownFileType = image.icns; path = "sage-document-cython.icns"; sourceTree = "<group>"; };
		2564AD2C0F5327BB00F57823 /* Sage_Prefix.pch */ = {isa = PBXFileReference; fileEncoding = 4; lastKnownFileType = sourcecode.c.h; path = Sage_Prefix.pch; sourceTree = "<group>"; };
		2A37F4ACFDCFA73011CA2CEA /* MyDocument.m */ = {isa = PBXFileReference; fileEncoding = 4; lastKnownFileType = sourcecode.c.objc; path = MyDocument.m; sourceTree = "<group>"; };
		2A37F4AEFDCFA73011CA2CEA /* MyDocument.h */ = {isa = PBXFileReference; fileEncoding = 4; lastKnownFileType = sourcecode.c.h; path = MyDocument.h; sourceTree = "<group>"; };
		2A37F4B0FDCFA73011CA2CEA /* main.m */ = {isa = PBXFileReference; fileEncoding = 4; lastKnownFileType = sourcecode.c.objc; path = main.m; sourceTree = "<group>"; };
		2A37F4BAFDCFA73011CA2CEA /* English */ = {isa = PBXFileReference; lastKnownFileType = text.html; name = English; path = English.lproj/Credits.html; sourceTree = "<group>"; };
		2A37F4C4FDCFA73011CA2CEA /* AppKit.framework */ = {isa = PBXFileReference; lastKnownFileType = wrapper.framework; name = AppKit.framework; path = /System/Library/Frameworks/AppKit.framework; sourceTree = "<absolute>"; };
		2A37F4C5FDCFA73011CA2CEA /* Foundation.framework */ = {isa = PBXFileReference; lastKnownFileType = wrapper.framework; name = Foundation.framework; path = /System/Library/Frameworks/Foundation.framework; sourceTree = "<absolute>"; };
		8D15AC360486D014006FF6A4 /* Sage-Info.plist */ = {isa = PBXFileReference; fileEncoding = 4; lastKnownFileType = text.plist.xml; path = "Sage-Info.plist"; sourceTree = "<group>"; };
		8D15AC370486D014006FF6A4 /* Sage.app */ = {isa = PBXFileReference; explicitFileType = wrapper.application; includeInIndex = 0; path = Sage.app; sourceTree = BUILT_PRODUCTS_DIR; };
/* End PBXFileReference section */

/* Begin PBXFrameworksBuildPhase section */
		8D15AC330486D014006FF6A4 /* Frameworks */ = {
			isa = PBXFrameworksBuildPhase;
			buildActionMask = 2147483647;
			files = (
				8D15AC340486D014006FF6A4 /* Cocoa.framework in Frameworks */,
				1967A67411D6521700ABC39D /* WebKit.framework in Frameworks */,
				1967A6BC11D6569000ABC39D /* Carbon.framework in Frameworks */,
			);
			runOnlyForDeploymentPostprocessing = 0;
		};
/* End PBXFrameworksBuildPhase section */

/* Begin PBXGroup section */
		1058C7A6FEA54F5311CA2CBB /* Linked Frameworks */ = {
			isa = PBXGroup;
			children = (
				1967A67311D6521700ABC39D /* WebKit.framework */,
				1967A6BB11D6569000ABC39D /* Carbon.framework */,
				1058C7A7FEA54F5311CA2CBB /* Cocoa.framework */,
			);
			name = "Linked Frameworks";
			sourceTree = "<group>";
		};
		1058C7A8FEA54F5311CA2CBB /* Other Frameworks */ = {
			isa = PBXGroup;
			children = (
				2A37F4C4FDCFA73011CA2CEA /* AppKit.framework */,
				13E42FBA07B3F13500E4EEF1 /* CoreData.framework */,
				2A37F4C5FDCFA73011CA2CEA /* Foundation.framework */,
			);
			name = "Other Frameworks";
			sourceTree = "<group>";
		};
		19C28FB0FE9D524F11CA2CBB /* Products */ = {
			isa = PBXGroup;
			children = (
				8D15AC370486D014006FF6A4 /* Sage.app */,
			);
			name = Products;
			sourceTree = "<group>";
		};
		2A37F4AAFDCFA73011CA2CEA /* Sage */ = {
			isa = PBXGroup;
			children = (
				2A37F4ABFDCFA73011CA2CEA /* Classes */,
				2A37F4AFFDCFA73011CA2CEA /* Other Sources */,
				2A37F4B8FDCFA73011CA2CEA /* Resources */,
				2A37F4C3FDCFA73011CA2CEA /* Frameworks */,
				19C28FB0FE9D524F11CA2CBB /* Products */,
			);
			name = Sage;
			sourceTree = "<group>";
		};
		2A37F4ABFDCFA73011CA2CEA /* Classes */ = {
			isa = PBXGroup;
			children = (
				1967A6B311D6544C00ABC39D /* AppController.h */,
				1967A6B411D6544C00ABC39D /* AppController.m */,
				1967A9A211D67FBE00ABC39D /* AppDelegate.h */,
				1967A9A111D67FBE00ABC39D /* AppDelegate.m */,
				19D397B112365C2600CE35F5 /* InputPanelController.h */,
				19D397B012365C2600CE35F5 /* InputPanelController.m */,
				2A37F4AEFDCFA73011CA2CEA /* MyDocument.h */,
				2A37F4ACFDCFA73011CA2CEA /* MyDocument.m */,
				1967A85611D6630300ABC39D /* PreferencePanelController.h */,
				1967A85711D6630300ABC39D /* PreferencePanelController.m */,
			);
			name = Classes;
			sourceTree = "<group>";
		};
		2A37F4AFFDCFA73011CA2CEA /* Other Sources */ = {
			isa = PBXGroup;
			children = (
				2564AD2C0F5327BB00F57823 /* Sage_Prefix.pch */,
				2A37F4B0FDCFA73011CA2CEA /* main.m */,
			);
			name = "Other Sources";
			sourceTree = "<group>";
		};
		2A37F4B8FDCFA73011CA2CEA /* Resources */ = {
			isa = PBXGroup;
			children = (
				1967A69D11D6543A00ABC39D /* appl.icns */,
				1967A69F11D6543A00ABC39D /* sage-document-py.icns */,
				1967A6A011D6543A00ABC39D /* sage-document-sage.icns */,
				19E3984512E249B300D062D1 /* sage-document-cython.icns */,
				1967A6A111D6543A00ABC39D /* sage-document-spkg.icns */,
				1967A6A211D6543A00ABC39D /* sage-document-sws.icns */,
				1967A6A311D6543A00ABC39D /* sage-small-blue.png */,
				1967A6A411D6543A00ABC39D /* sage-small-green.png */,
				1967A6A511D6543A00ABC39D /* sage-small-grey.png */,
				1967A6A611D6543A00ABC39D /* sage-small-red.png */,
				1967A6A711D6543A00ABC39D /* start-sage.sh */,
				198C6B7512425E8D002A1494 /* sage-is-running-on-port.sh */,
				19BDCA2311D6C3EA0041A693 /* open-location.sh */,
				1910AF4A11E60B80003E9A14 /* loading-page.html */,
				2A37F4B9FDCFA73011CA2CEA /* Credits.html */,
				1967A69E11D6543A00ABC39D /* Defaults.plist */,
				8D15AC360486D014006FF6A4 /* Sage-Info.plist */,
				089C165FFE840EACC02AAC07 /* InfoPlist.strings */,
				1943B14212411601007C0641 /* MainMenu.nib */,
				1943B14512411613007C0641 /* MyDocument.nib */,
			);
			name = Resources;
			sourceTree = "<group>";
		};
		2A37F4C3FDCFA73011CA2CEA /* Frameworks */ = {
			isa = PBXGroup;
			children = (
				1058C7A6FEA54F5311CA2CBB /* Linked Frameworks */,
				1058C7A8FEA54F5311CA2CBB /* Other Frameworks */,
			);
			name = Frameworks;
			sourceTree = "<group>";
		};
/* End PBXGroup section */

/* Begin PBXNativeTarget section */
		8D15AC270486D014006FF6A4 /* Sage */ = {
			isa = PBXNativeTarget;
			buildConfigurationList = C05733C708A9546B00998B17 /* Build configuration list for PBXNativeTarget "Sage" */;
			buildPhases = (
				8D15AC2B0486D014006FF6A4 /* Resources */,
				8D15AC300486D014006FF6A4 /* Sources */,
				8D15AC330486D014006FF6A4 /* Frameworks */,
				1967A8B911D6696A00ABC39D /* ShellScript */,
			);
			buildRules = (
			);
			dependencies = (
			);
			name = Sage;
			productInstallPath = "$(HOME)/Applications";
			productName = Sage;
			productReference = 8D15AC370486D014006FF6A4 /* Sage.app */;
			productType = "com.apple.product-type.application";
		};
/* End PBXNativeTarget section */

/* Begin PBXProject section */
		2A37F4A9FDCFA73011CA2CEA /* Project object */ = {
			isa = PBXProject;
			attributes = {
				BuildIndependentTargetsInParallel = NO;
			};
			buildConfigurationList = C05733CB08A9546B00998B17 /* Build configuration list for PBXProject "Sage" */;
			compatibilityVersion = "Xcode 2.4";
			developmentRegion = English;
			hasScannedForEncodings = 1;
			knownRegions = (
				English,
				Japanese,
				French,
				German,
			);
			mainGroup = 2A37F4AAFDCFA73011CA2CEA /* Sage */;
			projectDirPath = "";
			projectRoot = "";
			targets = (
				8D15AC270486D014006FF6A4 /* Sage */,
			);
		};
/* End PBXProject section */

/* Begin PBXResourcesBuildPhase section */
		8D15AC2B0486D014006FF6A4 /* Resources */ = {
			isa = PBXResourcesBuildPhase;
			buildActionMask = 2147483647;
			files = (
				8D15AC2C0486D014006FF6A4 /* Credits.html in Resources */,
				8D15AC2F0486D014006FF6A4 /* InfoPlist.strings in Resources */,
				1967A6A811D6543A00ABC39D /* appl.icns in Resources */,
				1967A6A911D6543A00ABC39D /* Defaults.plist in Resources */,
				1967A6AA11D6543A00ABC39D /* sage-document-py.icns in Resources */,
				1967A6AB11D6543A00ABC39D /* sage-document-sage.icns in Resources */,
				1967A6AC11D6543A00ABC39D /* sage-document-spkg.icns in Resources */,
				1967A6AD11D6543A00ABC39D /* sage-document-sws.icns in Resources */,
				1967A6AE11D6543A00ABC39D /* sage-small-blue.png in Resources */,
				1967A6AF11D6543A00ABC39D /* sage-small-green.png in Resources */,
				1967A6B011D6543A00ABC39D /* sage-small-grey.png in Resources */,
				1967A6B111D6543A00ABC39D /* sage-small-red.png in Resources */,
				1967A6B211D6543A00ABC39D /* start-sage.sh in Resources */,
				19BDCA2411D6C3EA0041A693 /* open-location.sh in Resources */,
				1910AF4B11E60B80003E9A14 /* loading-page.html in Resources */,
				1943B14412411601007C0641 /* MainMenu.nib in Resources */,
				1943B14712411613007C0641 /* MyDocument.nib in Resources */,
				198C6B7612425E8E002A1494 /* sage-is-running-on-port.sh in Resources */,
				19E3984612E249B300D062D1 /* sage-document-cython.icns in Resources */,
			);
			runOnlyForDeploymentPostprocessing = 0;
		};
/* End PBXResourcesBuildPhase section */

/* Begin PBXShellScriptBuildPhase section */
		1967A8B911D6696A00ABC39D /* ShellScript */ = {
			isa = PBXShellScriptBuildPhase;
			buildActionMask = 2147483647;
			files = (
			);
			inputPaths = (
			);
			outputPaths = (
			);
			runOnlyForDeploymentPostprocessing = 0;
			shellPath = /bin/sh;
			shellScript = "# Probably not the variables I should be using, but...\nSAGE_DIR_TARGET=\"$TARGET_BUILD_DIR/$UNLOCALIZED_RESOURCES_FOLDER_PATH/sage\"\n\n# make sure the log file exists, otherwise it will fail when we try to get it's path\ntouch \"$SAGE_DIR_TARGET\".log";
			showEnvVarsInLog = 0;
		};
/* End PBXShellScriptBuildPhase section */

/* Begin PBXSourcesBuildPhase section */
		8D15AC300486D014006FF6A4 /* Sources */ = {
			isa = PBXSourcesBuildPhase;
			buildActionMask = 2147483647;
			files = (
				8D15AC310486D014006FF6A4 /* MyDocument.m in Sources */,
				8D15AC320486D014006FF6A4 /* main.m in Sources */,
				1967A6B511D6544C00ABC39D /* AppController.m in Sources */,
				1967A85811D6630300ABC39D /* PreferencePanelController.m in Sources */,
				1967A9A311D67FBE00ABC39D /* AppDelegate.m in Sources */,
				19D397B212365C2600CE35F5 /* InputPanelController.m in Sources */,
			);
			runOnlyForDeploymentPostprocessing = 0;
		};
/* End PBXSourcesBuildPhase section */

/* Begin PBXVariantGroup section */
		089C165FFE840EACC02AAC07 /* InfoPlist.strings */ = {
			isa = PBXVariantGroup;
			children = (
				089C1660FE840EACC02AAC07 /* English */,
			);
			name = InfoPlist.strings;
			sourceTree = "<group>";
		};
		1943B14212411601007C0641 /* MainMenu.nib */ = {
			isa = PBXVariantGroup;
			children = (
				1943B14312411601007C0641 /* English */,
			);
			name = MainMenu.nib;
			sourceTree = "<group>";
		};
		1943B14512411613007C0641 /* MyDocument.nib */ = {
			isa = PBXVariantGroup;
			children = (
				1943B14612411613007C0641 /* English */,
			);
			name = MyDocument.nib;
			sourceTree = "<group>";
		};
		2A37F4B9FDCFA73011CA2CEA /* Credits.html */ = {
			isa = PBXVariantGroup;
			children = (
				2A37F4BAFDCFA73011CA2CEA /* English */,
			);
			name = Credits.html;
			sourceTree = "<group>";
		};
/* End PBXVariantGroup section */

/* Begin XCBuildConfiguration section */
		C05733C808A9546B00998B17 /* Debug */ = {
			isa = XCBuildConfiguration;
			buildSettings = {
				ALWAYS_SEARCH_USER_PATHS = NO;
				ARCHS = "$(ARCHS_STANDARD)";
				COPY_PHASE_STRIP = NO;
				GCC_DYNAMIC_NO_PIC = NO;
				GCC_ENABLE_FIX_AND_CONTINUE = YES;
				GCC_MODEL_TUNING = G5;
				GCC_OPTIMIZATION_LEVEL = 0;
				GCC_PRECOMPILE_PREFIX_HEADER = YES;
				GCC_PREFIX_HEADER = Sage_Prefix.pch;
				INFOPLIST_FILE = "Sage-Info.plist";
				INSTALL_PATH = "$(HOME)/Applications";
				MACOSX_DEPLOYMENT_TARGET = 10.6;
				PRODUCT_NAME = Sage;
				SUPPORTED_PLATFORMS = macosx;
				VALID_ARCHS = x86_64;
			};
			name = Debug;
		};
		C05733C908A9546B00998B17 /* Release */ = {
			isa = XCBuildConfiguration;
			buildSettings = {
				ALWAYS_SEARCH_USER_PATHS = NO;
				ARCHS = "$(ARCHS_STANDARD)";
				DEBUG_INFORMATION_FORMAT = "dwarf-with-dsym";
				GCC_MODEL_TUNING = G5;
				GCC_PRECOMPILE_PREFIX_HEADER = YES;
				GCC_PREFIX_HEADER = Sage_Prefix.pch;
				INFOPLIST_FILE = "Sage-Info.plist";
				INSTALL_PATH = "$(HOME)/Applications";
				MACOSX_DEPLOYMENT_TARGET = 10.6;
				PRODUCT_NAME = Sage;
				SUPPORTED_PLATFORMS = macosx;
				VALID_ARCHS = x86_64;
			};
			name = Release;
		};
		C05733CC08A9546B00998B17 /* Debug */ = {
			isa = XCBuildConfiguration;
			buildSettings = {
				ARCHS = "$(ARCHS_STANDARD)";
				GCC_C_LANGUAGE_STANDARD = gnu99;
				GCC_OPTIMIZATION_LEVEL = 0;
				GCC_WARN_ABOUT_RETURN_TYPE = YES;
				GCC_WARN_UNUSED_VARIABLE = YES;
				IBC_FLATTEN_NIBS = NO;
				INFOPLIST_OUTPUT_FORMAT = xml;
				MACOSX_DEPLOYMENT_TARGET = 10.4;
				ONLY_ACTIVE_ARCH = YES;
				PLIST_FILE_OUTPUT_FORMAT = xml;
				PREBINDING = NO;
				RUN_CLANG_STATIC_ANALYZER = YES;
				VALID_ARCHS = x86_64;
			};
			name = Debug;
		};
		C05733CD08A9546B00998B17 /* Release */ = {
			isa = XCBuildConfiguration;
			buildSettings = {
				ARCHS = "$(ARCHS_STANDARD)";
				GCC_C_LANGUAGE_STANDARD = gnu99;
				GCC_WARN_ABOUT_RETURN_TYPE = YES;
				GCC_WARN_UNUSED_VARIABLE = YES;
				MACOSX_DEPLOYMENT_TARGET = 10.4;
				PREBINDING = NO;
				VALID_ARCHS = x86_64;
			};
			name = Release;
		};
/* End XCBuildConfiguration section */

/* Begin XCConfigurationList section */
		C05733C708A9546B00998B17 /* Build configuration list for PBXNativeTarget "Sage" */ = {
			isa = XCConfigurationList;
			buildConfigurations = (
				C05733C808A9546B00998B17 /* Debug */,
				C05733C908A9546B00998B17 /* Release */,
			);
			defaultConfigurationIsVisible = 0;
			defaultConfigurationName = Release;
		};
		C05733CB08A9546B00998B17 /* Build configuration list for PBXProject "Sage" */ = {
			isa = XCConfigurationList;
			buildConfigurations = (
				C05733CC08A9546B00998B17 /* Debug */,
				C05733CD08A9546B00998B17 /* Release */,
			);
			defaultConfigurationIsVisible = 0;
			defaultConfigurationName = Release;
		};
/* End XCConfigurationList section */
	};
	rootObject = 2A37F4A9FDCFA73011CA2CEA /* Project object */;
}
